
Microsoft Visual Studio Solution File, Format Version 12.00
# Visual Studio Version 17
VisualStudioVersion = 17.5.33627.172
MinimumVisualStudioVersion = 10.0.40219.1
Project("{FAE04EC0-301F-11D3-BF4B-00C04F79EFBC}") = "Client", "Client.csproj", "{6BC12B75-102E-4A7F-8D68-3A41AE290ECC}"
EndProject
Global
	GlobalSection(SolutionConfigurationPlatforms) = preSolution
		Debug|Any CPU = Debug|Any CPU
		Release|Any CPU = Release|Any CPU
	EndGlobalSection
	GlobalSection(ProjectConfigurationPlatforms) = postSolution
		{6BC12B75-102E-4A7F-8D68-3A41AE290ECC}.Debug|Any CPU.ActiveCfg = Debug|Any CPU
		{6BC12B75-102E-4A7F-8D68-3A41AE290ECC}.Debug|Any CPU.Build.0 = Debug|Any CPU
		{6BC12B75-102E-4A7F-8D68-3A41AE290ECC}.Release|Any CPU.ActiveCfg = Release|Any CPU
		{6BC12B75-102E-4A7F-8D68-3A41AE290ECC}.Release|Any CPU.Build.0 = Release|Any CPU
	EndGlobalSection
	GlobalSection(SolutionProperties) = preSolution
		HideSolutionNode = FALSE
	EndGlobalSection
	GlobalSection(ExtensibilityGlobals) = postSolution
		SolutionGuid = {7F5F4528-8D1A-4DA4-B899-B79699D59DEA}
	EndGlobalSection
EndGlobal
